PODS:
  - AppAuth (1.4.0):
    - AppAuth/Core (= 1.4.0)
    - AppAuth/ExternalUserAgent (= 1.4.0)
  - AppAuth/Core (1.4.0)
  - AppAuth/ExternalUserAgent (1.4.0)
  - Base32 (1.1.2)
  - Capacitor (2.4.7):
    - CapacitorCordova
  - CapacitorCordova (2.4.7)
  - OneTimePassword (3.2.0):
    - Base32 (~> 1.1.2)
  - PACECloudSDK (5.0.1):
    - AppAuth
    - OneTimePassword (~> 3.2.0)
    - SwiftProtobuf (~> 1.13.0)
  - SwiftProtobuf (1.13.0)

DEPENDENCIES:
  - "Capacitor (from `../node_modules/@capacitor/ios`)"
  - "CapacitorCordova (from `../node_modules/@capacitor/ios`)"
  - PACECloudSDK (from `https://github.com/pace/cloud-sdk-ios`, branch `master`)

SPEC REPOS:
  trunk:
    - AppAuth
    - Base32
    - OneTimePassword
    - SwiftProtobuf

EXTERNAL SOURCES:
  Capacitor:
    :path: "../node_modules/@capacitor/ios"
  CapacitorCordova:
    :path: "../node_modules/@capacitor/ios"
  PACECloudSDK:
    :branch: master
    :git: https://github.com/pace/cloud-sdk-ios

CHECKOUT OPTIONS:
  PACECloudSDK:
    :commit: 80df7858d7d93eb25749267de3cc7ea1254c3dfc
    :git: https://github.com/pace/cloud-sdk-ios

SPEC CHECKSUMS:
  AppAuth: 31bcec809a638d7bd2f86ea8a52bd45f6e81e7c7
  Base32: 163c298644d184e89ca4e00a996bad6bf5166390
  Capacitor: 4cd7b342d5a15b1f6f333d687358953afd7b2d8b
  CapacitorCordova: 2c9d6e28d9d86c4da087fa2c3537c1841954bb12
  OneTimePassword: c00ecc908e67e6c5bfda9d50b0b2e4696d0b066e
  PACECloudSDK: f7d4743d988b612a66cfdb8d846391d7688ffaba
  SwiftProtobuf: fd4693388a96c8c2df35d3b063272b0e7c499d00

PODFILE CHECKSUM: 1df86406ecd89969fa5f7ee79f33c7a25b91c178

COCOAPODS: 1.10.1
