PODS:
  - AppAuth (1.4.0):
    - AppAuth/Core (= 1.4.0)
    - AppAuth/ExternalUserAgent (= 1.4.0)
  - AppAuth/Core (1.4.0)
  - AppAuth/ExternalUserAgent (1.4.0)
  - Base32 (1.1.2)
  - Capacitor (2.4.7):
    - CapacitorCordova
  - CapacitorCordova (2.4.7)
  - OneTimePassword (3.2.0):
    - Base32 (~> 1.1.2)
  - PACECloudSDK (6.2.0):
    - AppAuth
    - OneTimePassword (~> 3.2.0)
    - SwiftProtobuf (~> 1.15.0)
  - SwiftProtobuf (1.15.0)

DEPENDENCIES:
  - "Capacitor (from `../node_modules/@capacitor/ios`)"
  - "CapacitorCordova (from `../node_modules/@capacitor/ios`)"
  - PACECloudSDK (from `https://github.com/pace/cloud-sdk-ios`, tag `6.2.0`)

SPEC REPOS:
  trunk:
    - AppAuth
    - Base32
    - OneTimePassword
    - SwiftProtobuf

EXTERNAL SOURCES:
  Capacitor:
    :path: "../node_modules/@capacitor/ios"
  CapacitorCordova:
    :path: "../node_modules/@capacitor/ios"
  PACECloudSDK:
    :git: https://github.com/pace/cloud-sdk-ios
    :tag: 6.2.0

CHECKOUT OPTIONS:
  PACECloudSDK:
    :git: https://github.com/pace/cloud-sdk-ios
    :tag: 6.2.0

SPEC CHECKSUMS:
  AppAuth: 31bcec809a638d7bd2f86ea8a52bd45f6e81e7c7
  Base32: 163c298644d184e89ca4e00a996bad6bf5166390
  Capacitor: 4cd7b342d5a15b1f6f333d687358953afd7b2d8b
  CapacitorCordova: 2c9d6e28d9d86c4da087fa2c3537c1841954bb12
  OneTimePassword: c00ecc908e67e6c5bfda9d50b0b2e4696d0b066e
  PACECloudSDK: d148c1f40bad0fbe0ea915ee992e55fe710446e0
  SwiftProtobuf: 3320217e9d8fb75f36b40282e78c482640fd75dd

PODFILE CHECKSUM: 343fa21693bb7bf9d6742bb6354ea2b203d911c8

COCOAPODS: 1.10.1
