PODS:
  - AppAuth (1.4.0):
    - AppAuth/Core (= 1.4.0)
    - AppAuth/ExternalUserAgent (= 1.4.0)
  - AppAuth/Core (1.4.0)
  - AppAuth/ExternalUserAgent (1.4.0)
  - Base32 (1.1.2)
  - Capacitor (2.4.7):
    - CapacitorCordova
  - CapacitorCordova (2.4.7)
  - OneTimePassword (3.2.0):
    - Base32 (~> 1.1.2)
  - PACECloudSDK (6.0.0):
    - AppAuth
    - OneTimePassword (~> 3.2.0)
    - SwiftProtobuf (~> 1.15.0)
  - SwiftProtobuf (1.15.0)

DEPENDENCIES:
  - "Capacitor (from `../node_modules/@capacitor/ios`)"
  - "CapacitorCordova (from `../node_modules/@capacitor/ios`)"
  - PACECloudSDK (from `https://github.com/pace/cloud-sdk-ios`, branch `master`)

SPEC REPOS:
  trunk:
    - AppAuth
    - Base32
    - OneTimePassword
    - SwiftProtobuf

EXTERNAL SOURCES:
  Capacitor:
    :path: "../node_modules/@capacitor/ios"
  CapacitorCordova:
    :path: "../node_modules/@capacitor/ios"
  PACECloudSDK:
    :branch: master
    :git: https://github.com/pace/cloud-sdk-ios

CHECKOUT OPTIONS:
  PACECloudSDK:
    :commit: c8d27cf896eb22a4d18460398ac1ba8df230f377
    :git: https://github.com/pace/cloud-sdk-ios

SPEC CHECKSUMS:
  AppAuth: 31bcec809a638d7bd2f86ea8a52bd45f6e81e7c7
  Base32: 163c298644d184e89ca4e00a996bad6bf5166390
  Capacitor: 4cd7b342d5a15b1f6f333d687358953afd7b2d8b
  CapacitorCordova: 2c9d6e28d9d86c4da087fa2c3537c1841954bb12
  OneTimePassword: c00ecc908e67e6c5bfda9d50b0b2e4696d0b066e
  PACECloudSDK: 9f0e958baa5c0be880f8d8d2d1da26ef093d1a56
  SwiftProtobuf: 3320217e9d8fb75f36b40282e78c482640fd75dd

PODFILE CHECKSUM: 1df86406ecd89969fa5f7ee79f33c7a25b91c178

COCOAPODS: 1.10.1
